
Microsoft Visual Studio Solution File, Format Version 12.00
# Visual Studio 14
VisualStudioVersion = 14.0.24720.0
MinimumVisualStudioVersion = 10.0.40219.1
Project("{FAE04EC0-301F-11D3-BF4B-00C04F79EFBC}") = "GelDesk", "WinForms\GelDesk\GelDesk.csproj", "{ADB41490-F734-4679-A3DE-4ADAA6E8F61B}"
EndProject
Project("{FAE04EC0-301F-11D3-BF4B-00C04F79EFBC}") = "GelDesk.Core", "Common\GelDesk.Core\GelDesk.Core.csproj", "{DC27CB4F-D498-4EE9-91AA-D69AE720E498}"
EndProject
Project("{FAE04EC0-301F-11D3-BF4B-00C04F79EFBC}") = "GelDesk.Framework", "Common\GelDesk.Framework\GelDesk.Framework.csproj", "{0DA59A1A-B243-4117-9AAF-A972FF04FC84}"
EndProject
Project("{FAE04EC0-301F-11D3-BF4B-00C04F79EFBC}") = "GelDesk.Windows.Forms", "WinForms\GelDesk.Windows.Forms\GelDesk.Windows.Forms.csproj", "{3261030C-9D3F-4861-B117-7B3A5E65B167}"
EndProject
Project("{FAE04EC0-301F-11D3-BF4B-00C04F79EFBC}") = "GelDesk.WinFormsDesign", "WinForms\GelDesk.WinFormsDesign\GelDesk.WinFormsDesign.csproj", "{12BB3D70-5B07-47BD-BA99-6C9BBC92C858}"
EndProject
Project("{2150E333-8FDC-42A3-9474-1A3956D46DE8}") = "Common", "Common", "{D99B0599-7F22-4476-B3A1-23D70D3CAE07}"
	ProjectSection(SolutionItems) = preProject
		..\docs\Architecture.md = ..\docs\Architecture.md
	EndProjectSection
EndProject
Project("{2150E333-8FDC-42A3-9474-1A3956D46DE8}") = "WinForms", "WinForms", "{5E861EA3-685E-4A08-BF79-E77B87D348F6}"
EndProject
Project("{FAE04EC0-301F-11D3-BF4B-00C04F79EFBC}") = "GelDesk.FrameworkTests", "Testing\GelDesk.FrameworkTests\GelDesk.FrameworkTests.csproj", "{6296152B-D1CF-4D7D-AC56-D1F9CE4BB5A3}"
EndProject
Project("{2150E333-8FDC-42A3-9474-1A3956D46DE8}") = "Testing", "Testing", "{5793C4D0-E269-43C7-AE61-FCC615E91BAB}"
EndProject
Project("{FAE04EC0-301F-11D3-BF4B-00C04F79EFBC}") = "GelDesk.UI.WinForms", "WinForms\GelDesk.UI.WinForms\GelDesk.UI.WinForms.csproj", "{5207CB49-FB76-4F64-B342-3D3B4E97082E}"
EndProject
Project("{FAE04EC0-301F-11D3-BF4B-00C04F79EFBC}") = "GelDesk.UI.WinFormsBrowser", "WinForms\GelDesk.UI.WinFormsBrowser\GelDesk.UI.WinFormsBrowser.csproj", "{1CF7CFAF-54A2-43F6-A749-156136C84C1F}"
EndProject
Project("{FAE04EC0-301F-11D3-BF4B-00C04F79EFBC}") = "GelDesk.UI.WebKitBrowser", "WinForms\GelDesk.UI.WebKitBrowser\GelDesk.UI.WebKitBrowser.csproj", "{6E7F8C5D-0819-43A0-92DC-76353A3A5B13}"
EndProject
Project("{FAE04EC0-301F-11D3-BF4B-00C04F79EFBC}") = "GelDesk.WebKit", "WinForms\GelDesk.WebKit\GelDesk.WebKit.csproj", "{99A0DC2E-20E9-4A74-B53F-CA6ACE43EEAA}"
EndProject
Project("{2150E333-8FDC-42A3-9474-1A3956D46DE8}") = "WinForms-WebKit", "WinForms-WebKit", "{4989FDA0-76AA-457B-8F66-48C9EBDBFDEF}"
EndProject
Global
	GlobalSection(SolutionConfigurationPlatforms) = preSolution
		Debug|Any CPU = Debug|Any CPU
		Debug|x86 = Debug|x86
		Release|Any CPU = Release|Any CPU
		Release|x86 = Release|x86
	EndGlobalSection
	GlobalSection(ProjectConfigurationPlatforms) = postSolution
		{ADB41490-F734-4679-A3DE-4ADAA6E8F61B}.Debug|Any CPU.ActiveCfg = Debug|Any CPU
		{ADB41490-F734-4679-A3DE-4ADAA6E8F61B}.Debug|Any CPU.Build.0 = Debug|Any CPU
		{ADB41490-F734-4679-A3DE-4ADAA6E8F61B}.Debug|x86.ActiveCfg = Debug|x86
		{ADB41490-F734-4679-A3DE-4ADAA6E8F61B}.Debug|x86.Build.0 = Debug|x86
		{ADB41490-F734-4679-A3DE-4ADAA6E8F61B}.Release|Any CPU.ActiveCfg = Release|Any CPU
		{ADB41490-F734-4679-A3DE-4ADAA6E8F61B}.Release|Any CPU.Build.0 = Release|Any CPU
		{ADB41490-F734-4679-A3DE-4ADAA6E8F61B}.Release|x86.ActiveCfg = Release|x86
		{ADB41490-F734-4679-A3DE-4ADAA6E8F61B}.Release|x86.Build.0 = Release|x86
		{DC27CB4F-D498-4EE9-91AA-D69AE720E498}.Debug|Any CPU.ActiveCfg = Debug|Any CPU
		{DC27CB4F-D498-4EE9-91AA-D69AE720E498}.Debug|Any CPU.Build.0 = Debug|Any CPU
		{DC27CB4F-D498-4EE9-91AA-D69AE720E498}.Debug|x86.ActiveCfg = Debug|x86
		{DC27CB4F-D498-4EE9-91AA-D69AE720E498}.Debug|x86.Build.0 = Debug|x86
		{DC27CB4F-D498-4EE9-91AA-D69AE720E498}.Release|Any CPU.ActiveCfg = Release|Any CPU
		{DC27CB4F-D498-4EE9-91AA-D69AE720E498}.Release|Any CPU.Build.0 = Release|Any CPU
		{DC27CB4F-D498-4EE9-91AA-D69AE720E498}.Release|x86.ActiveCfg = Release|x86
		{DC27CB4F-D498-4EE9-91AA-D69AE720E498}.Release|x86.Build.0 = Release|x86
		{0DA59A1A-B243-4117-9AAF-A972FF04FC84}.Debug|Any CPU.ActiveCfg = Debug|Any CPU
		{0DA59A1A-B243-4117-9AAF-A972FF04FC84}.Debug|Any CPU.Build.0 = Debug|Any CPU
		{0DA59A1A-B243-4117-9AAF-A972FF04FC84}.Debug|x86.ActiveCfg = Debug|x86
		{0DA59A1A-B243-4117-9AAF-A972FF04FC84}.Debug|x86.Build.0 = Debug|x86
		{0DA59A1A-B243-4117-9AAF-A972FF04FC84}.Release|Any CPU.ActiveCfg = Release|Any CPU
		{0DA59A1A-B243-4117-9AAF-A972FF04FC84}.Release|Any CPU.Build.0 = Release|Any CPU
		{0DA59A1A-B243-4117-9AAF-A972FF04FC84}.Release|x86.ActiveCfg = Release|x86
		{0DA59A1A-B243-4117-9AAF-A972FF04FC84}.Release|x86.Build.0 = Release|x86
		{3261030C-9D3F-4861-B117-7B3A5E65B167}.Debug|Any CPU.ActiveCfg = Debug|Any CPU
		{3261030C-9D3F-4861-B117-7B3A5E65B167}.Debug|Any CPU.Build.0 = Debug|Any CPU
		{3261030C-9D3F-4861-B117-7B3A5E65B167}.Debug|x86.ActiveCfg = Debug|x86
		{3261030C-9D3F-4861-B117-7B3A5E65B167}.Debug|x86.Build.0 = Debug|x86
		{3261030C-9D3F-4861-B117-7B3A5E65B167}.Release|Any CPU.ActiveCfg = Release|Any CPU
		{3261030C-9D3F-4861-B117-7B3A5E65B167}.Release|Any CPU.Build.0 = Release|Any CPU
		{3261030C-9D3F-4861-B117-7B3A5E65B167}.Release|x86.ActiveCfg = Release|x86
		{3261030C-9D3F-4861-B117-7B3A5E65B167}.Release|x86.Build.0 = Release|x86
		{12BB3D70-5B07-47BD-BA99-6C9BBC92C858}.Debug|Any CPU.ActiveCfg = Debug|Any CPU
		{12BB3D70-5B07-47BD-BA99-6C9BBC92C858}.Debug|Any CPU.Build.0 = Debug|Any CPU
		{12BB3D70-5B07-47BD-BA99-6C9BBC92C858}.Debug|x86.ActiveCfg = Debug|x86
		{12BB3D70-5B07-47BD-BA99-6C9BBC92C858}.Debug|x86.Build.0 = Debug|x86
		{12BB3D70-5B07-47BD-BA99-6C9BBC92C858}.Release|Any CPU.ActiveCfg = Release|Any CPU
		{12BB3D70-5B07-47BD-BA99-6C9BBC92C858}.Release|Any CPU.Build.0 = Release|Any CPU
		{12BB3D70-5B07-47BD-BA99-6C9BBC92C858}.Release|x86.ActiveCfg = Release|x86
		{12BB3D70-5B07-47BD-BA99-6C9BBC92C858}.Release|x86.Build.0 = Release|x86
		{6296152B-D1CF-4D7D-AC56-D1F9CE4BB5A3}.Debug|Any CPU.ActiveCfg = Debug|Any CPU
		{6296152B-D1CF-4D7D-AC56-D1F9CE4BB5A3}.Debug|Any CPU.Build.0 = Debug|Any CPU
		{6296152B-D1CF-4D7D-AC56-D1F9CE4BB5A3}.Debug|x86.ActiveCfg = Debug|x86
		{6296152B-D1CF-4D7D-AC56-D1F9CE4BB5A3}.Debug|x86.Build.0 = Debug|x86
		{6296152B-D1CF-4D7D-AC56-D1F9CE4BB5A3}.Release|Any CPU.ActiveCfg = Release|Any CPU
		{6296152B-D1CF-4D7D-AC56-D1F9CE4BB5A3}.Release|Any CPU.Build.0 = Release|Any CPU
		{6296152B-D1CF-4D7D-AC56-D1F9CE4BB5A3}.Release|x86.ActiveCfg = Release|x86
		{6296152B-D1CF-4D7D-AC56-D1F9CE4BB5A3}.Release|x86.Build.0 = Release|x86
		{5207CB49-FB76-4F64-B342-3D3B4E97082E}.Debug|Any CPU.ActiveCfg = Debug|Any CPU
		{5207CB49-FB76-4F64-B342-3D3B4E97082E}.Debug|Any CPU.Build.0 = Debug|Any CPU
		{5207CB49-FB76-4F64-B342-3D3B4E97082E}.Debug|x86.ActiveCfg = Debug|x86
		{5207CB49-FB76-4F64-B342-3D3B4E97082E}.Debug|x86.Build.0 = Debug|x86
		{5207CB49-FB76-4F64-B342-3D3B4E97082E}.Release|Any CPU.ActiveCfg = Release|Any CPU
		{5207CB49-FB76-4F64-B342-3D3B4E97082E}.Release|Any CPU.Build.0 = Release|Any CPU
		{5207CB49-FB76-4F64-B342-3D3B4E97082E}.Release|x86.ActiveCfg = Release|x86
		{5207CB49-FB76-4F64-B342-3D3B4E97082E}.Release|x86.Build.0 = Release|x86
		{1CF7CFAF-54A2-43F6-A749-156136C84C1F}.Debug|Any CPU.ActiveCfg = Debug|Any CPU
		{1CF7CFAF-54A2-43F6-A749-156136C84C1F}.Debug|Any CPU.Build.0 = Debug|Any CPU
		{1CF7CFAF-54A2-43F6-A749-156136C84C1F}.Debug|x86.ActiveCfg = Debug|x86
		{1CF7CFAF-54A2-43F6-A749-156136C84C1F}.Debug|x86.Build.0 = Debug|x86
		{1CF7CFAF-54A2-43F6-A749-156136C84C1F}.Release|Any CPU.ActiveCfg = Release|Any CPU
		{1CF7CFAF-54A2-43F6-A749-156136C84C1F}.Release|Any CPU.Build.0 = Release|Any CPU
		{1CF7CFAF-54A2-43F6-A749-156136C84C1F}.Release|x86.ActiveCfg = Release|x86
		{1CF7CFAF-54A2-43F6-A749-156136C84C1F}.Release|x86.Build.0 = Release|x86
		{6E7F8C5D-0819-43A0-92DC-76353A3A5B13}.Debug|Any CPU.ActiveCfg = Debug|x86
		{6E7F8C5D-0819-43A0-92DC-76353A3A5B13}.Debug|Any CPU.Build.0 = Debug|x86
		{6E7F8C5D-0819-43A0-92DC-76353A3A5B13}.Debug|x86.ActiveCfg = Debug|x86
		{6E7F8C5D-0819-43A0-92DC-76353A3A5B13}.Debug|x86.Build.0 = Debug|x86
		{6E7F8C5D-0819-43A0-92DC-76353A3A5B13}.Release|Any CPU.ActiveCfg = Release|Any CPU
		{6E7F8C5D-0819-43A0-92DC-76353A3A5B13}.Release|Any CPU.Build.0 = Release|Any CPU
		{6E7F8C5D-0819-43A0-92DC-76353A3A5B13}.Release|x86.ActiveCfg = Release|x86
		{6E7F8C5D-0819-43A0-92DC-76353A3A5B13}.Release|x86.Build.0 = Release|x86
		{99A0DC2E-20E9-4A74-B53F-CA6ACE43EEAA}.Debug|Any CPU.ActiveCfg = Debug|x86
		{99A0DC2E-20E9-4A74-B53F-CA6ACE43EEAA}.Debug|Any CPU.Build.0 = Debug|x86
		{99A0DC2E-20E9-4A74-B53F-CA6ACE43EEAA}.Debug|x86.ActiveCfg = Release|x86
		{99A0DC2E-20E9-4A74-B53F-CA6ACE43EEAA}.Debug|x86.Build.0 = Release|x86
		{99A0DC2E-20E9-4A74-B53F-CA6ACE43EEAA}.Release|Any CPU.ActiveCfg = Release|Any CPU
		{99A0DC2E-20E9-4A74-B53F-CA6ACE43EEAA}.Release|Any CPU.Build.0 = Release|Any CPU
		{99A0DC2E-20E9-4A74-B53F-CA6ACE43EEAA}.Release|x86.ActiveCfg = Release|x86
		{99A0DC2E-20E9-4A74-B53F-CA6ACE43EEAA}.Release|x86.Build.0 = Release|x86
	EndGlobalSection
	GlobalSection(SolutionProperties) = preSolution
		HideSolutionNode = FALSE
	EndGlobalSection
	GlobalSection(NestedProjects) = preSolution
		{ADB41490-F734-4679-A3DE-4ADAA6E8F61B} = {5E861EA3-685E-4A08-BF79-E77B87D348F6}
		{DC27CB4F-D498-4EE9-91AA-D69AE720E498} = {D99B0599-7F22-4476-B3A1-23D70D3CAE07}
		{0DA59A1A-B243-4117-9AAF-A972FF04FC84} = {D99B0599-7F22-4476-B3A1-23D70D3CAE07}
		{3261030C-9D3F-4861-B117-7B3A5E65B167} = {5E861EA3-685E-4A08-BF79-E77B87D348F6}
		{12BB3D70-5B07-47BD-BA99-6C9BBC92C858} = {5E861EA3-685E-4A08-BF79-E77B87D348F6}
		{6296152B-D1CF-4D7D-AC56-D1F9CE4BB5A3} = {5793C4D0-E269-43C7-AE61-FCC615E91BAB}
		{5207CB49-FB76-4F64-B342-3D3B4E97082E} = {5E861EA3-685E-4A08-BF79-E77B87D348F6}
		{1CF7CFAF-54A2-43F6-A749-156136C84C1F} = {5E861EA3-685E-4A08-BF79-E77B87D348F6}
		{6E7F8C5D-0819-43A0-92DC-76353A3A5B13} = {4989FDA0-76AA-457B-8F66-48C9EBDBFDEF}
		{99A0DC2E-20E9-4A74-B53F-CA6ACE43EEAA} = {4989FDA0-76AA-457B-8F66-48C9EBDBFDEF}
	EndGlobalSection
EndGlobal
